
Microsoft Visual Studio Solution File, Format Version 12.00
# Visual Studio Version 17
VisualStudioVersion = 17.8.34525.116
MinimumVisualStudioVersion = 10.0.40219.1
Project("{FAE04EC0-301F-11D3-BF4B-00C04F79EFBC}") = "Lab5", "Lab5.csproj", "{D013ADE6-8A9A-440F-A977-D66D7786FEDF}"
EndProject
Global
	GlobalSection(SolutionConfigurationPlatforms) = preSolution
		Debug|Any CPU = Debug|Any CPU
		Release|Any CPU = Release|Any CPU
	EndGlobalSection
	GlobalSection(ProjectConfigurationPlatforms) = postSolution
		{D013ADE6-8A9A-440F-A977-D66D7786FEDF}.Debug|Any CPU.ActiveCfg = Debug|Any CPU
		{D013ADE6-8A9A-440F-A977-D66D7786FEDF}.Debug|Any CPU.Build.0 = Debug|Any CPU
		{D013ADE6-8A9A-440F-A977-D66D7786FEDF}.Release|Any CPU.ActiveCfg = Release|Any CPU
		{D013ADE6-8A9A-440F-A977-D66D7786FEDF}.Release|Any CPU.Build.0 = Release|Any CPU
	EndGlobalSection
	GlobalSection(SolutionProperties) = preSolution
		HideSolutionNode = FALSE
	EndGlobalSection
	GlobalSection(ExtensibilityGlobals) = postSolution
		SolutionGuid = {E3B95545-2A19-43ED-922C-090B786EC049}
	EndGlobalSection
EndGlobal
